{
  "object": {
    "pins": [
      {
        "package": "AEXML",
        "repositoryURL": "https://github.com/tadija/AEXML",
        "state": {
          "branch": null,
          "revision": "54bb8ea6fb693dd3f92a89e5fcc19e199fdeedd0",
          "version": "4.3.3"
        }
      },
      {
        "package": "Console",
        "repositoryURL": "https://github.com/vapor/console.git",
        "state": {
          "branch": null,
          "revision": "74cfbea629d4aac34a97cead2447a6870af1950b",
          "version": "3.1.1"
        }
      },
      {
        "package": "Core",
        "repositoryURL": "https://github.com/vapor/core.git",
        "state": {
          "branch": null,
          "revision": "7fe113f5e857c690b25960ccd6d9430cd34d038d",
          "version": "3.7.1"
        }
      },
      {
        "package": "Crypto",
        "repositoryURL": "https://github.com/vapor/crypto.git",
        "state": {
          "branch": null,
          "revision": "45bb12d13cdec80dbd1cc0685ea002e51ab83439",
          "version": "3.3.2"
        }
      },
      {
        "package": "DatabaseKit",
        "repositoryURL": "https://github.com/vapor/database-kit.git",
        "state": {
          "branch": null,
          "revision": "8f352c8e66dab301ab9bfef912a01ce1361ba1e4",
          "version": "1.3.3"
        }
      },
      {
        "package": "HTTP",
        "repositoryURL": "https://github.com/vapor/http.git",
        "state": {
          "branch": null,
          "revision": "24282b07c5b6fab13b7f2248eec45bc4e4e46eff",
          "version": "3.1.10"
        }
      },
      {
        "package": "JSONUtilities",
        "repositoryURL": "https://github.com/yonaskolb/JSONUtilities.git",
        "state": {
          "branch": null,
          "revision": "db238f4858ac2ac3fff228b5b71ce90488a6a9b3",
          "version": "4.1.0"
        }
      },
      {
        "package": "Multipart",
        "repositoryURL": "https://github.com/vapor/multipart.git",
        "state": {
          "branch": null,
          "revision": "bd7736c5f28e48ed8b683dcc9df3dcd346064c2b",
          "version": "3.0.3"
        }
      },
      {
        "package": "PathKit",
        "repositoryURL": "https://github.com/kylef/PathKit.git",
        "state": {
          "branch": null,
          "revision": "e2f5be30e4c8f531c9c1e8765aa7b71c0a45d7a0",
          "version": "0.9.2"
        }
      },
      {
        "package": "Rainbow",
        "repositoryURL": "https://github.com/onevcat/Rainbow.git",
        "state": {
          "branch": null,
          "revision": "797a68d0a642609424b08f11eb56974a54d5f6e2",
          "version": "3.1.4"
        }
      },
      {
        "package": "Routing",
        "repositoryURL": "https://github.com/vapor/routing.git",
        "state": {
          "branch": null,
          "revision": "626190ddd2bd9f967743b60ba6adaf90bbd2651c",
          "version": "3.0.2"
        }
      },
      {
        "package": "Service",
        "repositoryURL": "https://github.com/vapor/service.git",
        "state": {
          "branch": null,
          "revision": "4907311d7d7f609365982fa302b8b17ffdeb46da",
          "version": "1.0.1"
        }
      },
      {
        "package": "Spectre",
        "repositoryURL": "https://github.com/kylef/Spectre.git",
        "state": {
          "branch": null,
          "revision": "f14ff47f45642aa5703900980b014c2e9394b6e5",
          "version": "0.9.0"
        }
      },
      {
        "package": "Html",
        "repositoryURL": "https://github.com/pointfreeco/swift-html.git",
        "state": {
          "branch": null,
          "revision": "f6fd8c99a790c930d0f22af3a06e02f37131a430",
          "version": "0.3.0"
        }
      },
      {
        "package": "swift-nio",
        "repositoryURL": "https://github.com/apple/swift-nio.git",
        "state": {
          "branch": null,
          "revision": "29a9f2aca71c8afb07e291336f1789337ce235dd",
          "version": "1.13.2"
        }
      },
      {
        "package": "swift-nio-ssl",
        "repositoryURL": "https://github.com/apple/swift-nio-ssl.git",
        "state": {
          "branch": null,
          "revision": "0f3999f3e3c359cc74480c292644c3419e44a12f",
          "version": "1.4.0"
        }
      },
      {
        "package": "swift-nio-ssl-support",
        "repositoryURL": "https://github.com/apple/swift-nio-ssl-support.git",
        "state": {
          "branch": null,
          "revision": "c02eec4e0e6d351cd092938cf44195a8e669f555",
          "version": "1.0.0"
        }
      },
      {
        "package": "swift-nio-zlib-support",
        "repositoryURL": "https://github.com/apple/swift-nio-zlib-support.git",
        "state": {
          "branch": null,
          "revision": "37760e9a52030bb9011972c5213c3350fa9d41fd",
          "version": "1.0.0"
        }
      },
      {
        "package": "SnapshotTesting",
        "repositoryURL": "https://github.com/pointfreeco/swift-snapshot-testing.git",
        "state": {
          "branch": null,
          "revision": "1fb2e65cf62d2f983b3cab2871cbb218ea9ee9b7",
          "version": "1.3.0"
        }
      },
      {
        "package": "SwiftCLI",
        "repositoryURL": "https://github.com/jakeheis/SwiftCLI.git",
        "state": {
          "branch": null,
          "revision": "5318c37d3cacc8780f50b87a8840a6774320ebdf",
          "version": "5.2.2"
        }
      },
      {
        "package": "SwiftShell",
        "repositoryURL": "https://github.com/kareman/SwiftShell",
        "state": {
          "branch": null,
          "revision": "beebe43c986d89ea5359ac3adcb42dac94e5e08a",
          "version": "4.1.2"
        }
      },
      {
        "package": "TemplateKit",
        "repositoryURL": "https://github.com/vapor/template-kit.git",
        "state": {
          "branch": null,
          "revision": "aff2d6fc65bfd04579b0201b31a8d6720239c1cf",
          "version": "1.1.1"
        }
      },
      {
        "package": "URLEncodedForm",
        "repositoryURL": "https://github.com/vapor/url-encoded-form.git",
        "state": {
          "branch": null,
          "revision": "932024f363ee5ff59059cf7d67194a1c271d3d0c",
          "version": "1.0.5"
        }
      },
      {
        "package": "Validation",
        "repositoryURL": "https://github.com/vapor/validation.git",
        "state": {
          "branch": null,
          "revision": "4de213cf319b694e4ce19e5339592601d4dd3ff6",
          "version": "2.1.1"
        }
      },
      {
        "package": "Vapor",
        "repositoryURL": "https://github.com/vapor/vapor.git",
        "state": {
          "branch": null,
          "revision": "c86ada59b31c69f08a6abd4f776537cba48d5df6",
          "version": "3.3.0"
        }
      },
      {
        "package": "WebSocket",
        "repositoryURL": "https://github.com/vapor/websocket.git",
        "state": {
          "branch": null,
          "revision": "21eb4773e25a8ff96fe347a31fe106900a69fa6a",
          "version": "1.1.1"
        }
      },
      {
        "package": "XcodeGen",
        "repositoryURL": "https://github.com/yonaskolb/XcodeGen.git",
        "state": {
          "branch": null,
          "revision": "95bc051d268f6b8b924ae9c84e40566efe90cb80",
          "version": "2.3.0"
        }
      },
      {
        "package": "xcodeproj",
        "repositoryURL": "https://github.com/tuist/xcodeproj.git",
        "state": {
          "branch": null,
          "revision": "8e15cc74149ee946b7ae125685177915b4ff7317",
          "version": "6.4.0"
        }
      },
      {
        "package": "Yams",
        "repositoryURL": "https://github.com/jpsim/Yams.git",
        "state": {
          "branch": null,
          "revision": "26ab35f50ea891e8edefcc9d975db2f6b67e1d68",
          "version": "1.0.1"
        }
      }
    ]
  },
  "version": 1
}
